
Microsoft Visual Studio Solution File, Format Version 12.00
# Visual Studio Version 17
VisualStudioVersion = 17.7.34009.444
MinimumVisualStudioVersion = 10.0.40219.1
Project("{FAE04EC0-301F-11D3-BF4B-00C04F79EFBC}") = "projectStart", "projectStart\projectStart.csproj", "{A738D27D-EFB2-4FEC-93EC-DA63A3AFDEA3}"
EndProject
Global
	GlobalSection(SolutionConfigurationPlatforms) = preSolution
		Debug|Any CPU = Debug|Any CPU
		Release|Any CPU = Release|Any CPU
	EndGlobalSection
	GlobalSection(ProjectConfigurationPlatforms) = postSolution
		{A738D27D-EFB2-4FEC-93EC-DA63A3AFDEA3}.Debug|Any CPU.ActiveCfg = Debug|Any CPU
		{A738D27D-EFB2-4FEC-93EC-DA63A3AFDEA3}.Debug|Any CPU.Build.0 = Debug|Any CPU
		{A738D27D-EFB2-4FEC-93EC-DA63A3AFDEA3}.Release|Any CPU.ActiveCfg = Release|Any CPU
		{A738D27D-EFB2-4FEC-93EC-DA63A3AFDEA3}.Release|Any CPU.Build.0 = Release|Any CPU
	EndGlobalSection
	GlobalSection(SolutionProperties) = preSolution
		HideSolutionNode = FALSE
	EndGlobalSection
	GlobalSection(ExtensibilityGlobals) = postSolution
		SolutionGuid = {98AB4488-3DCD-4948-9041-9609AD39DEE1}
	EndGlobalSection
EndGlobal
